
Microsoft Visual Studio Solution File, Format Version 12.00
# Visual Studio Version 16
VisualStudioVersion = 16.0.32126.315
MinimumVisualStudioVersion = 10.0.40219.1
Project("{FAE04EC0-301F-11D3-BF4B-00C04F79EFBC}") = "DataBinding.Android", "DataBinding.Android\DataBinding.Android.csproj", "{C76746DE-C3D3-4507-82AC-4174C6911694}"
EndProject
Project("{FAE04EC0-301F-11D3-BF4B-00C04F79EFBC}") = "DataBinding.iOS", "DataBinding.iOS\DataBinding.iOS.csproj", "{B892221C-CC0C-4276-BFA6-3AB5C9F63298}"
EndProject
Project("{FAE04EC0-301F-11D3-BF4B-00C04F79EFBC}") = "DataBinding", "DataBinding\DataBinding.csproj", "{BA861466-FED1-4DBE-B8BD-BE9BF4781E6F}"
EndProject
Global
	GlobalSection(SolutionConfigurationPlatforms) = preSolution
		Debug|Any CPU = Debug|Any CPU
		Debug|iPhone = Debug|iPhone
		Debug|iPhoneSimulator = Debug|iPhoneSimulator
		Release|Any CPU = Release|Any CPU
		Release|iPhone = Release|iPhone
		Release|iPhoneSimulator = Release|iPhoneSimulator
	EndGlobalSection
	GlobalSection(ProjectConfigurationPlatforms) = postSolution
		{C76746DE-C3D3-4507-82AC-4174C6911694}.Debug|Any CPU.ActiveCfg = Debug|Any CPU
		{C76746DE-C3D3-4507-82AC-4174C6911694}.Debug|Any CPU.Build.0 = Debug|Any CPU
		{C76746DE-C3D3-4507-82AC-4174C6911694}.Debug|Any CPU.Deploy.0 = Debug|Any CPU
		{C76746DE-C3D3-4507-82AC-4174C6911694}.Debug|iPhone.ActiveCfg = Debug|Any CPU
		{C76746DE-C3D3-4507-82AC-4174C6911694}.Debug|iPhone.Build.0 = Debug|Any CPU
		{C76746DE-C3D3-4507-82AC-4174C6911694}.Debug|iPhone.Deploy.0 = Debug|Any CPU
		{C76746DE-C3D3-4507-82AC-4174C6911694}.Debug|iPhoneSimulator.ActiveCfg = Debug|Any CPU
		{C76746DE-C3D3-4507-82AC-4174C6911694}.Debug|iPhoneSimulator.Build.0 = Debug|Any CPU
		{C76746DE-C3D3-4507-82AC-4174C6911694}.Debug|iPhoneSimulator.Deploy.0 = Debug|Any CPU
		{C76746DE-C3D3-4507-82AC-4174C6911694}.Release|Any CPU.ActiveCfg = Release|Any CPU
		{C76746DE-C3D3-4507-82AC-4174C6911694}.Release|Any CPU.Build.0 = Release|Any CPU
		{C76746DE-C3D3-4507-82AC-4174C6911694}.Release|Any CPU.Deploy.0 = Release|Any CPU
		{C76746DE-C3D3-4507-82AC-4174C6911694}.Release|iPhone.ActiveCfg = Release|Any CPU
		{C76746DE-C3D3-4507-82AC-4174C6911694}.Release|iPhone.Build.0 = Release|Any CPU
		{C76746DE-C3D3-4507-82AC-4174C6911694}.Release|iPhone.Deploy.0 = Release|Any CPU
		{C76746DE-C3D3-4507-82AC-4174C6911694}.Release|iPhoneSimulator.ActiveCfg = Release|Any CPU
		{C76746DE-C3D3-4507-82AC-4174C6911694}.Release|iPhoneSimulator.Build.0 = Release|Any CPU
		{C76746DE-C3D3-4507-82AC-4174C6911694}.Release|iPhoneSimulator.Deploy.0 = Release|Any CPU
		{B892221C-CC0C-4276-BFA6-3AB5C9F63298}.Debug|Any CPU.ActiveCfg = Debug|iPhone
		{B892221C-CC0C-4276-BFA6-3AB5C9F63298}.Debug|Any CPU.Build.0 = Debug|iPhone
		{B892221C-CC0C-4276-BFA6-3AB5C9F63298}.Debug|Any CPU.Deploy.0 = Debug|iPhone
		{B892221C-CC0C-4276-BFA6-3AB5C9F63298}.Debug|iPhone.ActiveCfg = Debug|iPhone
		{B892221C-CC0C-4276-BFA6-3AB5C9F63298}.Debug|iPhone.Build.0 = Debug|iPhone
		{B892221C-CC0C-4276-BFA6-3AB5C9F63298}.Debug|iPhone.Deploy.0 = Debug|iPhone
		{B892221C-CC0C-4276-BFA6-3AB5C9F63298}.Debug|iPhoneSimulator.ActiveCfg = Debug|iPhoneSimulator
		{B892221C-CC0C-4276-BFA6-3AB5C9F63298}.Debug|iPhoneSimulator.Build.0 = Debug|iPhoneSimulator
		{B892221C-CC0C-4276-BFA6-3AB5C9F63298}.Debug|iPhoneSimulator.Deploy.0 = Debug|iPhoneSimulator
		{B892221C-CC0C-4276-BFA6-3AB5C9F63298}.Release|Any CPU.ActiveCfg = Release|iPhoneSimulator
		{B892221C-CC0C-4276-BFA6-3AB5C9F63298}.Release|Any CPU.Build.0 = Release|iPhoneSimulator
		{B892221C-CC0C-4276-BFA6-3AB5C9F63298}.Release|Any CPU.Deploy.0 = Release|iPhoneSimulator
		{B892221C-CC0C-4276-BFA6-3AB5C9F63298}.Release|iPhone.ActiveCfg = Release|iPhone
		{B892221C-CC0C-4276-BFA6-3AB5C9F63298}.Release|iPhone.Build.0 = Release|iPhone
		{B892221C-CC0C-4276-BFA6-3AB5C9F63298}.Release|iPhone.Deploy.0 = Release|iPhone
		{B892221C-CC0C-4276-BFA6-3AB5C9F63298}.Release|iPhoneSimulator.ActiveCfg = Release|iPhoneSimulator
		{B892221C-CC0C-4276-BFA6-3AB5C9F63298}.Release|iPhoneSimulator.Build.0 = Release|iPhoneSimulator
		{B892221C-CC0C-4276-BFA6-3AB5C9F63298}.Release|iPhoneSimulator.Deploy.0 = Release|iPhoneSimulator
		{BA861466-FED1-4DBE-B8BD-BE9BF4781E6F}.Debug|Any CPU.ActiveCfg = Debug|Any CPU
		{BA861466-FED1-4DBE-B8BD-BE9BF4781E6F}.Debug|Any CPU.Build.0 = Debug|Any CPU
		{BA861466-FED1-4DBE-B8BD-BE9BF4781E6F}.Debug|Any CPU.Deploy.0 = Debug|Any CPU
		{BA861466-FED1-4DBE-B8BD-BE9BF4781E6F}.Debug|iPhone.ActiveCfg = Debug|Any CPU
		{BA861466-FED1-4DBE-B8BD-BE9BF4781E6F}.Debug|iPhone.Build.0 = Debug|Any CPU
		{BA861466-FED1-4DBE-B8BD-BE9BF4781E6F}.Debug|iPhone.Deploy.0 = Debug|Any CPU
		{BA861466-FED1-4DBE-B8BD-BE9BF4781E6F}.Debug|iPhoneSimulator.ActiveCfg = Debug|Any CPU
		{BA861466-FED1-4DBE-B8BD-BE9BF4781E6F}.Debug|iPhoneSimulator.Build.0 = Debug|Any CPU
		{BA861466-FED1-4DBE-B8BD-BE9BF4781E6F}.Debug|iPhoneSimulator.Deploy.0 = Debug|Any CPU
		{BA861466-FED1-4DBE-B8BD-BE9BF4781E6F}.Release|Any CPU.ActiveCfg = Release|Any CPU
		{BA861466-FED1-4DBE-B8BD-BE9BF4781E6F}.Release|Any CPU.Build.0 = Release|Any CPU
		{BA861466-FED1-4DBE-B8BD-BE9BF4781E6F}.Release|Any CPU.Deploy.0 = Release|Any CPU
		{BA861466-FED1-4DBE-B8BD-BE9BF4781E6F}.Release|iPhone.ActiveCfg = Release|Any CPU
		{BA861466-FED1-4DBE-B8BD-BE9BF4781E6F}.Release|iPhone.Build.0 = Release|Any CPU
		{BA861466-FED1-4DBE-B8BD-BE9BF4781E6F}.Release|iPhone.Deploy.0 = Release|Any CPU
		{BA861466-FED1-4DBE-B8BD-BE9BF4781E6F}.Release|iPhoneSimulator.ActiveCfg = Release|Any CPU
		{BA861466-FED1-4DBE-B8BD-BE9BF4781E6F}.Release|iPhoneSimulator.Build.0 = Release|Any CPU
		{BA861466-FED1-4DBE-B8BD-BE9BF4781E6F}.Release|iPhoneSimulator.Deploy.0 = Release|Any CPU
	EndGlobalSection
	GlobalSection(SolutionProperties) = preSolution
		HideSolutionNode = FALSE
	EndGlobalSection
	GlobalSection(ExtensibilityGlobals) = postSolution
		SolutionGuid = {54572A7F-A3B4-4155-B759-1FDDAF6E2983}
	EndGlobalSection
EndGlobal
